
Microsoft Visual Studio Solution File, Format Version 12.00
# Visual Studio Version 17
VisualStudioVersion = 17.10.35013.160
MinimumVisualStudioVersion = 10.0.40219.1
Project("{FAE04EC0-301F-11D3-BF4B-00C04F79EFBC}") = "WebApplication1", "WebApplication1\WebApplication1.csproj", "{768A387B-A78D-40CE-8119-C19325217163}"
EndProject
Global
	GlobalSection(SolutionConfigurationPlatforms) = preSolution
		Debug|Any CPU = Debug|Any CPU
		Release|Any CPU = Release|Any CPU
	EndGlobalSection
	GlobalSection(ProjectConfigurationPlatforms) = postSolution
		{768A387B-A78D-40CE-8119-C19325217163}.Debug|Any CPU.ActiveCfg = Debug|Any CPU
		{768A387B-A78D-40CE-8119-C19325217163}.Debug|Any CPU.Build.0 = Debug|Any CPU
		{768A387B-A78D-40CE-8119-C19325217163}.Release|Any CPU.ActiveCfg = Release|Any CPU
		{768A387B-A78D-40CE-8119-C19325217163}.Release|Any CPU.Build.0 = Release|Any CPU
	EndGlobalSection
	GlobalSection(SolutionProperties) = preSolution
		HideSolutionNode = FALSE
	EndGlobalSection
	GlobalSection(ExtensibilityGlobals) = postSolution
		SolutionGuid = {8096A55F-179E-40E0-8572-4A8A08FA63DB}
	EndGlobalSection
EndGlobal
